
Microsoft Visual Studio Solution File, Format Version 12.00
# Visual Studio 14
VisualStudioVersion = 14.0.25420.1
MinimumVisualStudioVersion = 10.0.40219.1
Project("{FAE04EC0-301F-11D3-BF4B-00C04F79EFBC}") = "GEPED.Web", "GEPED.Web\GEPED.Web.csproj", "{11DCC11D-3470-44D5-AF77-672BF5CEDD52}"
EndProject
Project("{FAE04EC0-301F-11D3-BF4B-00C04F79EFBC}") = "GEPED.Web.Tests", "GEPED.Web.Tests\GEPED.Web.Tests.csproj", "{7DF60C81-4459-4469-8E78-0BDE71ECDB48}"
EndProject
Project("{FAE04EC0-301F-11D3-BF4B-00C04F79EFBC}") = "GEPED.Model", "GEPED.Model\GEPED.Model.csproj", "{03CEA0EF-E671-4328-9ADC-06E4F0BD3B4A}"
EndProject
Project("{FAE04EC0-301F-11D3-BF4B-00C04F79EFBC}") = "GEPED.Utils", "GEPED.Utils\GEPED.Utils.csproj", "{CBF6EFAC-58E1-4929-8C59-4792B9F899A8}"
EndProject
Project("{FAE04EC0-301F-11D3-BF4B-00C04F79EFBC}") = "GEPED.ServicePayment", "GEPED.ServicePayment\GEPED.ServicePayment.csproj", "{0F6C0BBC-B662-436F-8149-B8C97B65F2B9}"
EndProject
Project("{FAE04EC0-301F-11D3-BF4B-00C04F79EFBC}") = "GEPED.Business", "GEPED.Business\GEPED.Business.csproj", "{08472D2D-3702-452B-A538-3E1D6049CA6F}"
EndProject
Project("{FAE04EC0-301F-11D3-BF4B-00C04F79EFBC}") = "GEPED.Repository", "GEPED.Repository\GEPED.Repository.csproj", "{3D126DE4-91D1-4B63-9309-E606040FC123}"
EndProject
Global
	GlobalSection(SolutionConfigurationPlatforms) = preSolution
		Debug|Any CPU = Debug|Any CPU
		Release|Any CPU = Release|Any CPU
	EndGlobalSection
	GlobalSection(ProjectConfigurationPlatforms) = postSolution
		{11DCC11D-3470-44D5-AF77-672BF5CEDD52}.Debug|Any CPU.ActiveCfg = Debug|Any CPU
		{11DCC11D-3470-44D5-AF77-672BF5CEDD52}.Debug|Any CPU.Build.0 = Debug|Any CPU
		{11DCC11D-3470-44D5-AF77-672BF5CEDD52}.Release|Any CPU.ActiveCfg = Release|Any CPU
		{11DCC11D-3470-44D5-AF77-672BF5CEDD52}.Release|Any CPU.Build.0 = Release|Any CPU
		{7DF60C81-4459-4469-8E78-0BDE71ECDB48}.Debug|Any CPU.ActiveCfg = Debug|Any CPU
		{7DF60C81-4459-4469-8E78-0BDE71ECDB48}.Debug|Any CPU.Build.0 = Debug|Any CPU
		{7DF60C81-4459-4469-8E78-0BDE71ECDB48}.Release|Any CPU.ActiveCfg = Release|Any CPU
		{7DF60C81-4459-4469-8E78-0BDE71ECDB48}.Release|Any CPU.Build.0 = Release|Any CPU
		{03CEA0EF-E671-4328-9ADC-06E4F0BD3B4A}.Debug|Any CPU.ActiveCfg = Debug|Any CPU
		{03CEA0EF-E671-4328-9ADC-06E4F0BD3B4A}.Debug|Any CPU.Build.0 = Debug|Any CPU
		{03CEA0EF-E671-4328-9ADC-06E4F0BD3B4A}.Release|Any CPU.ActiveCfg = Release|Any CPU
		{03CEA0EF-E671-4328-9ADC-06E4F0BD3B4A}.Release|Any CPU.Build.0 = Release|Any CPU
		{CBF6EFAC-58E1-4929-8C59-4792B9F899A8}.Debug|Any CPU.ActiveCfg = Debug|Any CPU
		{CBF6EFAC-58E1-4929-8C59-4792B9F899A8}.Debug|Any CPU.Build.0 = Debug|Any CPU
		{CBF6EFAC-58E1-4929-8C59-4792B9F899A8}.Release|Any CPU.ActiveCfg = Release|Any CPU
		{CBF6EFAC-58E1-4929-8C59-4792B9F899A8}.Release|Any CPU.Build.0 = Release|Any CPU
		{0F6C0BBC-B662-436F-8149-B8C97B65F2B9}.Debug|Any CPU.ActiveCfg = Debug|Any CPU
		{0F6C0BBC-B662-436F-8149-B8C97B65F2B9}.Debug|Any CPU.Build.0 = Debug|Any CPU
		{0F6C0BBC-B662-436F-8149-B8C97B65F2B9}.Release|Any CPU.ActiveCfg = Release|Any CPU
		{0F6C0BBC-B662-436F-8149-B8C97B65F2B9}.Release|Any CPU.Build.0 = Release|Any CPU
		{08472D2D-3702-452B-A538-3E1D6049CA6F}.Debug|Any CPU.ActiveCfg = Debug|Any CPU
		{08472D2D-3702-452B-A538-3E1D6049CA6F}.Debug|Any CPU.Build.0 = Debug|Any CPU
		{08472D2D-3702-452B-A538-3E1D6049CA6F}.Release|Any CPU.ActiveCfg = Release|Any CPU
		{08472D2D-3702-452B-A538-3E1D6049CA6F}.Release|Any CPU.Build.0 = Release|Any CPU
		{3D126DE4-91D1-4B63-9309-E606040FC123}.Debug|Any CPU.ActiveCfg = Debug|Any CPU
		{3D126DE4-91D1-4B63-9309-E606040FC123}.Debug|Any CPU.Build.0 = Debug|Any CPU
		{3D126DE4-91D1-4B63-9309-E606040FC123}.Release|Any CPU.ActiveCfg = Release|Any CPU
		{3D126DE4-91D1-4B63-9309-E606040FC123}.Release|Any CPU.Build.0 = Release|Any CPU
	EndGlobalSection
	GlobalSection(SolutionProperties) = preSolution
		HideSolutionNode = FALSE
	EndGlobalSection
EndGlobal
